
Microsoft Visual Studio Solution File, Format Version 12.00
# Visual Studio 15
VisualStudioVersion = 15.0.28307.136
MinimumVisualStudioVersion = 10.0.40219.1
Project("{FAE04EC0-301F-11D3-BF4B-00C04F79EFBC}") = "Task3", "Task3\Task3.csproj", "{402A06DB-EA0D-4E33-A3DC-D8DEA75BC85A}"
EndProject
Global
	GlobalSection(SolutionConfigurationPlatforms) = preSolution
		Debug|Any CPU = Debug|Any CPU
		Release|Any CPU = Release|Any CPU
	EndGlobalSection
	GlobalSection(ProjectConfigurationPlatforms) = postSolution
		{402A06DB-EA0D-4E33-A3DC-D8DEA75BC85A}.Debug|Any CPU.ActiveCfg = Debug|Any CPU
		{402A06DB-EA0D-4E33-A3DC-D8DEA75BC85A}.Debug|Any CPU.Build.0 = Debug|Any CPU
		{402A06DB-EA0D-4E33-A3DC-D8DEA75BC85A}.Release|Any CPU.ActiveCfg = Release|Any CPU
		{402A06DB-EA0D-4E33-A3DC-D8DEA75BC85A}.Release|Any CPU.Build.0 = Release|Any CPU
	EndGlobalSection
	GlobalSection(SolutionProperties) = preSolution
		HideSolutionNode = FALSE
	EndGlobalSection
	GlobalSection(ExtensibilityGlobals) = postSolution
		SolutionGuid = {3CC94D1F-0EEC-454B-B74B-800C0AA52FEF}
	EndGlobalSection
EndGlobal
